{
  "name": "outputs",
  "version": "1.0.0",
  "lockfileVersion": 3,
  "requires": true,
  "packages": {
    "": {
      "name": "outputs",
      "version": "1.0.0",
      "license": "ISC",
      "dependencies": {
        "@stripe/stripe-js": "^9.12.1",
        "stripe": "^22.4.0"
      },
      "devDependencies": {}
    },
    "node_modules/@stripe/stripe-js": {
      "version": "9.12.1",
      "resolved": "https://registry.npmjs.org/@stripe/stripe-js/-/stripe-js-9.12.1.tgz",
      "integrity": "sha512-KLXPvjA0BfS4dQnW+ddHjwtIXMnIfKYxqmeNMmQCfKjvYog0cSG+Z7ZvK4RH1+bV90GC07nUztWDRWmJLi5HZQ==",
      "license": "MIT",
      "engines": {
        "node": ">=12.16"
      }
    },
    "node_modules/stripe": {
      "version": "22.4.0",
      "resolved": "https://registry.npmjs.org/stripe/-/stripe-22.4.0.tgz",
      "integrity": "sha512-LVJ+tcSYeqOSnXr3i+Kz2tZ7y0crLLdP2uwD/4wccrmEVyn0g/Heo0pF7as7rxS/sOjJzrb1lxgZY0Y0Dx1pSA==",
      "license": "MIT",
      "engines": {
        "node": ">=18"
      },
      "peerDependencies": {
        "@types/node": ">=18"
      },
      "peerDependenciesMeta": {
        "@types/node": {
          "optional": true
        }
      }
    }
  }
}
